
Microsoft Visual Studio Solution File, Format Version 12.00
# Visual Studio 15
VisualStudioVersion = 15.0.26124.0
MinimumVisualStudioVersion = 15.0.26124.0
Project("{FAE04EC0-301F-11D3-BF4B-00C04F79EFBC}") = "ConvertToCulture.Application", "ConvertToCulture.Application\ConvertToCulture.Application.csproj", "{33384831-4032-4C27-BF31-7178994D393D}"
EndProject
Project("{FAE04EC0-301F-11D3-BF4B-00C04F79EFBC}") = "ConvertToCulture.Domain", "ConvertToCulture.Domain\ConvertToCulture.Domain.csproj", "{ACAC1A90-B15F-4C78-BFA2-69FBD97BDF8A}"
EndProject
Global
	GlobalSection(SolutionConfigurationPlatforms) = preSolution
		Debug|Any CPU = Debug|Any CPU
		Debug|x64 = Debug|x64
		Debug|x86 = Debug|x86
		Release|Any CPU = Release|Any CPU
		Release|x64 = Release|x64
		Release|x86 = Release|x86
	EndGlobalSection
	GlobalSection(SolutionProperties) = preSolution
		HideSolutionNode = FALSE
	EndGlobalSection
	GlobalSection(ProjectConfigurationPlatforms) = postSolution
		{33384831-4032-4C27-BF31-7178994D393D}.Debug|Any CPU.ActiveCfg = Debug|Any CPU
		{33384831-4032-4C27-BF31-7178994D393D}.Debug|Any CPU.Build.0 = Debug|Any CPU
		{33384831-4032-4C27-BF31-7178994D393D}.Debug|x64.ActiveCfg = Debug|Any CPU
		{33384831-4032-4C27-BF31-7178994D393D}.Debug|x64.Build.0 = Debug|Any CPU
		{33384831-4032-4C27-BF31-7178994D393D}.Debug|x86.ActiveCfg = Debug|Any CPU
		{33384831-4032-4C27-BF31-7178994D393D}.Debug|x86.Build.0 = Debug|Any CPU
		{33384831-4032-4C27-BF31-7178994D393D}.Release|Any CPU.ActiveCfg = Release|Any CPU
		{33384831-4032-4C27-BF31-7178994D393D}.Release|Any CPU.Build.0 = Release|Any CPU
		{33384831-4032-4C27-BF31-7178994D393D}.Release|x64.ActiveCfg = Release|Any CPU
		{33384831-4032-4C27-BF31-7178994D393D}.Release|x64.Build.0 = Release|Any CPU
		{33384831-4032-4C27-BF31-7178994D393D}.Release|x86.ActiveCfg = Release|Any CPU
		{33384831-4032-4C27-BF31-7178994D393D}.Release|x86.Build.0 = Release|Any CPU
		{ACAC1A90-B15F-4C78-BFA2-69FBD97BDF8A}.Debug|Any CPU.ActiveCfg = Debug|Any CPU
		{ACAC1A90-B15F-4C78-BFA2-69FBD97BDF8A}.Debug|Any CPU.Build.0 = Debug|Any CPU
		{ACAC1A90-B15F-4C78-BFA2-69FBD97BDF8A}.Debug|x64.ActiveCfg = Debug|Any CPU
		{ACAC1A90-B15F-4C78-BFA2-69FBD97BDF8A}.Debug|x64.Build.0 = Debug|Any CPU
		{ACAC1A90-B15F-4C78-BFA2-69FBD97BDF8A}.Debug|x86.ActiveCfg = Debug|Any CPU
		{ACAC1A90-B15F-4C78-BFA2-69FBD97BDF8A}.Debug|x86.Build.0 = Debug|Any CPU
		{ACAC1A90-B15F-4C78-BFA2-69FBD97BDF8A}.Release|Any CPU.ActiveCfg = Release|Any CPU
		{ACAC1A90-B15F-4C78-BFA2-69FBD97BDF8A}.Release|Any CPU.Build.0 = Release|Any CPU
		{ACAC1A90-B15F-4C78-BFA2-69FBD97BDF8A}.Release|x64.ActiveCfg = Release|Any CPU
		{ACAC1A90-B15F-4C78-BFA2-69FBD97BDF8A}.Release|x64.Build.0 = Release|Any CPU
		{ACAC1A90-B15F-4C78-BFA2-69FBD97BDF8A}.Release|x86.ActiveCfg = Release|Any CPU
		{ACAC1A90-B15F-4C78-BFA2-69FBD97BDF8A}.Release|x86.Build.0 = Release|Any CPU
	EndGlobalSection
EndGlobal
